// !$*UTF8*$!
{
	archiveVersion = 1;
	classes = {
	};
	objectVersion = 46;
	objects = {

/* Begin PBXBuildFile section */
		1C291B4F1B3F27EF003BD7D7 /* KeychainWrapper.m in Sources */ = {isa = PBXBuildFile; fileRef = 1C291B4E1B3F27EF003BD7D7 /* KeychainWrapper.m */; };
		1C291B521B3F5DED003BD7D7 /* Main.storyboard in Resources */ = {isa = PBXBuildFile; fileRef = 1C291B501B3F5DED003BD7D7 /* Main.storyboard */; };
		1C6DC6941B3C85930017632F /* Podfile in Resources */ = {isa = PBXBuildFile; fileRef = 1C6DC6931B3C85930017632F /* Podfile */; };
		1C6DC6961B3C87310017632F /* GoogleMapsViewController.swift in Sources */ = {isa = PBXBuildFile; fileRef = 1C6DC6951B3C87310017632F /* GoogleMapsViewController.swift */; };
		1C742A4A1B44448400753C83 /* CompletedJobsViewController.swift in Sources */ = {isa = PBXBuildFile; fileRef = 1C742A491B44448400753C83 /* CompletedJobsViewController.swift */; };
		1C742A4C1B444AA000753C83 /* JobCompletedCell.swift in Sources */ = {isa = PBXBuildFile; fileRef = 1C742A4B1B444AA000753C83 /* JobCompletedCell.swift */; };
		1C742A4E1B4453E800753C83 /* TotalWageCell.swift in Sources */ = {isa = PBXBuildFile; fileRef = 1C742A4D1B4453E800753C83 /* TotalWageCell.swift */; };
		1C7F92BA1B43335C005AFC8D /* MapTask.swift in Sources */ = {isa = PBXBuildFile; fileRef = 1C7F92B91B43335C005AFC8D /* MapTask.swift */; };
		1CBECF331B6FED51007C1024 /* SignUpViewController.swift in Sources */ = {isa = PBXBuildFile; fileRef = 1CBECF321B6FED51007C1024 /* SignUpViewController.swift */; };
		1CBECF351B700566007C1024 /* SignUpViewController2.swift in Sources */ = {isa = PBXBuildFile; fileRef = 1CBECF341B700566007C1024 /* SignUpViewController2.swift */; };
		1CBECF371B71183B007C1024 /* SignUpViewController3.swift in Sources */ = {isa = PBXBuildFile; fileRef = 1CBECF361B71183B007C1024 /* SignUpViewController3.swift */; };
		1CBECF391B714CA2007C1024 /* SignUpViewController4.swift in Sources */ = {isa = PBXBuildFile; fileRef = 1CBECF381B714CA2007C1024 /* SignUpViewController4.swift */; };
		1CBECF3B1B715591007C1024 /* SignUpViewController5.swift in Sources */ = {isa = PBXBuildFile; fileRef = 1CBECF3A1B715591007C1024 /* SignUpViewController5.swift */; };
		1CBECF3D1B716EDB007C1024 /* SignUpViewControllerFinal.swift in Sources */ = {isa = PBXBuildFile; fileRef = 1CBECF3C1B716EDB007C1024 /* SignUpViewControllerFinal.swift */; };
		1CCE6DE91B38B69600D0F5D2 /* JobsListViewController.swift in Sources */ = {isa = PBXBuildFile; fileRef = 1CCE6DE81B38B69600D0F5D2 /* JobsListViewController.swift */; };
		1CCE6DEB1B38B7D700D0F5D2 /* JobDetailViewController.swift in Sources */ = {isa = PBXBuildFile; fileRef = 1CCE6DEA1B38B7D700D0F5D2 /* JobDetailViewController.swift */; };
		1CCE6DEF1B38FC9600D0F5D2 /* ClaimedJobsViewController.swift in Sources */ = {isa = PBXBuildFile; fileRef = 1CCE6DEE1B38FC9600D0F5D2 /* ClaimedJobsViewController.swift */; };
		1CCE6DF31B3917E400D0F5D2 /* LoginViewController.swift in Sources */ = {isa = PBXBuildFile; fileRef = 1CCE6DF21B3917E400D0F5D2 /* LoginViewController.swift */; };
		1CCE6DF91B39D8CA00D0F5D2 /* JobCell.swift in Sources */ = {isa = PBXBuildFile; fileRef = 1CCE6DF81B39D8CA00D0F5D2 /* JobCell.swift */; };
		1CCE6DFB1B39FB7D00D0F5D2 /* ProgressCell.swift in Sources */ = {isa = PBXBuildFile; fileRef = 1CCE6DFA1B39FB7D00D0F5D2 /* ProgressCell.swift */; };
		1CCE6DFF1B3A3A8C00D0F5D2 /* DeliveryCell.swift in Sources */ = {isa = PBXBuildFile; fileRef = 1CCE6DFE1B3A3A8C00D0F5D2 /* DeliveryCell.swift */; };
		1CE473B01B3DF07600542D50 /* HTTPHelper.swift in Sources */ = {isa = PBXBuildFile; fileRef = 1CE473AF1B3DF07600542D50 /* HTTPHelper.swift */; };
		7E55C9CC1B3879B300360876 /* AppDelegate.swift in Sources */ = {isa = PBXBuildFile; fileRef = 7E55C9CB1B3879B300360876 /* AppDelegate.swift */; };
		7E55C9D51B3879B300360876 /* Images.xcassets in Resources */ = {isa = PBXBuildFile; fileRef = 7E55C9D41B3879B300360876 /* Images.xcassets */; };
		7E55C9D81B3879B300360876 /* LaunchScreen.xib in Resources */ = {isa = PBXBuildFile; fileRef = 7E55C9D61B3879B300360876 /* LaunchScreen.xib */; };
		7E55C9E41B3879B300360876 /* DeliveryTests.swift in Sources */ = {isa = PBXBuildFile; fileRef = 7E55C9E31B3879B300360876 /* DeliveryTests.swift */; };
		7E55C9EE1B38873100360876 /* Jobs.swift in Sources */ = {isa = PBXBuildFile; fileRef = 7E55C9ED1B38873100360876 /* Jobs.swift */; };
		FFD9F5D57777A8B8873D39AA /* libPods.a in Frameworks */ = {isa = PBXBuildFile; fileRef = 437B7261E7DFAA7B121DC08A /* libPods.a */; };
/* End PBXBuildFile section */

/* Begin PBXBuildRule section */
		7E55C9EF1B38A63000360876 /* PBXBuildRule */ = {
			isa = PBXBuildRule;
			compilerSpec = com.apple.compilers.proxy.script;
			fileType = pattern.proxy;
			isEditable = 1;
			outputFiles = (
			);
			script = "";
		};
/* End PBXBuildRule section */

/* Begin PBXContainerItemProxy section */
		7E55C9DE1B3879B300360876 /* PBXContainerItemProxy */ = {
			isa = PBXContainerItemProxy;
			containerPortal = 7E55C9BE1B3879B300360876 /* Project object */;
			proxyType = 1;
			remoteGlobalIDString = 7E55C9C51B3879B300360876;
			remoteInfo = Delivery;
		};
/* End PBXContainerItemProxy section */

/* Begin PBXFileReference section */
		1C291B4C1B3F27EE003BD7D7 /* Delivery-Bridging-Header.h */ = {isa = PBXFileReference; lastKnownFileType = sourcecode.c.h; path = "Delivery-Bridging-Header.h"; sourceTree = "<group>"; };
		1C291B4D1B3F27EE003BD7D7 /* KeychainWrapper.h */ = {isa = PBXFileReference; fileEncoding = 4; lastKnownFileType = sourcecode.c.h; path = KeychainWrapper.h; sourceTree = "<group>"; };
		1C291B4E1B3F27EF003BD7D7 /* KeychainWrapper.m */ = {isa = PBXFileReference; fileEncoding = 4; lastKnownFileType = sourcecode.c.objc; path = KeychainWrapper.m; sourceTree = "<group>"; };
		1C291B511B3F5DED003BD7D7 /* Base */ = {isa = PBXFileReference; lastKnownFileType = file.storyboard; name = Base; path = Base.lproj/Main.storyboard; sourceTree = "<group>"; };
		1C6DC6931B3C85930017632F /* Podfile */ = {isa = PBXFileReference; fileEncoding = 4; lastKnownFileType = text; path = Podfile; sourceTree = "<group>"; xcLanguageSpecificationIdentifier = xcode.lang.ruby; };
		1C6DC6951B3C87310017632F /* GoogleMapsViewController.swift */ = {isa = PBXFileReference; fileEncoding = 4; lastKnownFileType = sourcecode.swift; path = GoogleMapsViewController.swift; sourceTree = "<group>"; };
		1C742A491B44448400753C83 /* CompletedJobsViewController.swift */ = {isa = PBXFileReference; fileEncoding = 4; lastKnownFileType = sourcecode.swift; path = CompletedJobsViewController.swift; sourceTree = "<group>"; };
		1C742A4B1B444AA000753C83 /* JobCompletedCell.swift */ = {isa = PBXFileReference; fileEncoding = 4; lastKnownFileType = sourcecode.swift; path = JobCompletedCell.swift; sourceTree = "<group>"; };
		1C742A4D1B4453E800753C83 /* TotalWageCell.swift */ = {isa = PBXFileReference; fileEncoding = 4; lastKnownFileType = sourcecode.swift; path = TotalWageCell.swift; sourceTree = "<group>"; };
		1C7F92B91B43335C005AFC8D /* MapTask.swift */ = {isa = PBXFileReference; fileEncoding = 4; lastKnownFileType = sourcecode.swift; path = MapTask.swift; sourceTree = "<group>"; };
		1CAF8D2F1B423D7400C18FCE /* GLKit.framework */ = {isa = PBXFileReference; lastKnownFileType = wrapper.framework; name = GLKit.framework; path = System/Library/Frameworks/GLKit.framework; sourceTree = SDKROOT; };
		1CBECF321B6FED51007C1024 /* SignUpViewController.swift */ = {isa = PBXFileReference; fileEncoding = 4; lastKnownFileType = sourcecode.swift; path = SignUpViewController.swift; sourceTree = "<group>"; };
		1CBECF341B700566007C1024 /* SignUpViewController2.swift */ = {isa = PBXFileReference; fileEncoding = 4; lastKnownFileType = sourcecode.swift; path = SignUpViewController2.swift; sourceTree = "<group>"; };
		1CBECF361B71183B007C1024 /* SignUpViewController3.swift */ = {isa = PBXFileReference; fileEncoding = 4; lastKnownFileType = sourcecode.swift; path = SignUpViewController3.swift; sourceTree = "<group>"; };
		1CBECF381B714CA2007C1024 /* SignUpViewController4.swift */ = {isa = PBXFileReference; fileEncoding = 4; lastKnownFileType = sourcecode.swift; path = SignUpViewController4.swift; sourceTree = "<group>"; };
		1CBECF3A1B715591007C1024 /* SignUpViewController5.swift */ = {isa = PBXFileReference; fileEncoding = 4; lastKnownFileType = sourcecode.swift; path = SignUpViewController5.swift; sourceTree = "<group>"; };
		1CBECF3C1B716EDB007C1024 /* SignUpViewControllerFinal.swift */ = {isa = PBXFileReference; fileEncoding = 4; lastKnownFileType = sourcecode.swift; path = SignUpViewControllerFinal.swift; sourceTree = "<group>"; };
		1CCE6DE81B38B69600D0F5D2 /* JobsListViewController.swift */ = {isa = PBXFileReference; fileEncoding = 4; lastKnownFileType = sourcecode.swift; path = JobsListViewController.swift; sourceTree = "<group>"; };
		1CCE6DEA1B38B7D700D0F5D2 /* JobDetailViewController.swift */ = {isa = PBXFileReference; fileEncoding = 4; lastKnownFileType = sourcecode.swift; path = JobDetailViewController.swift; sourceTree = "<group>"; };
		1CCE6DEE1B38FC9600D0F5D2 /* ClaimedJobsViewController.swift */ = {isa = PBXFileReference; fileEncoding = 4; lastKnownFileType = sourcecode.swift; path = ClaimedJobsViewController.swift; sourceTree = "<group>"; };
		1CCE6DF21B3917E400D0F5D2 /* LoginViewController.swift */ = {isa = PBXFileReference; fileEncoding = 4; lastKnownFileType = sourcecode.swift; path = LoginViewController.swift; sourceTree = "<group>"; };
		1CCE6DF81B39D8CA00D0F5D2 /* JobCell.swift */ = {isa = PBXFileReference; fileEncoding = 4; lastKnownFileType = sourcecode.swift; path = JobCell.swift; sourceTree = "<group>"; };
		1CCE6DFA1B39FB7D00D0F5D2 /* ProgressCell.swift */ = {isa = PBXFileReference; fileEncoding = 4; lastKnownFileType = sourcecode.swift; path = ProgressCell.swift; sourceTree = "<group>"; };
		1CCE6DFE1B3A3A8C00D0F5D2 /* DeliveryCell.swift */ = {isa = PBXFileReference; fileEncoding = 4; lastKnownFileType = sourcecode.swift; path = DeliveryCell.swift; sourceTree = "<group>"; };
		1CE473AF1B3DF07600542D50 /* HTTPHelper.swift */ = {isa = PBXFileReference; fileEncoding = 4; lastKnownFileType = sourcecode.swift; path = HTTPHelper.swift; sourceTree = "<group>"; };
		437B7261E7DFAA7B121DC08A /* libPods.a */ = {isa = PBXFileReference; explicitFileType = archive.ar; includeInIndex = 0; path = libPods.a; sourceTree = BUILT_PRODUCTS_DIR; };
		523EA86EE30160508A32573A /* Pods.release.xcconfig */ = {isa = PBXFileReference; includeInIndex = 1; lastKnownFileType = text.xcconfig; name = Pods.release.xcconfig; path = "Pods/Target Support Files/Pods/Pods.release.xcconfig"; sourceTree = "<group>"; };
		7DA3A742354F3107E6B82311 /* Pods.debug.xcconfig */ = {isa = PBXFileReference; includeInIndex = 1; lastKnownFileType = text.xcconfig; name = Pods.debug.xcconfig; path = "Pods/Target Support Files/Pods/Pods.debug.xcconfig"; sourceTree = "<group>"; };
		7E55C9C61B3879B300360876 /* Delivery.app */ = {isa = PBXFileReference; explicitFileType = wrapper.application; includeInIndex = 0; path = Delivery.app; sourceTree = BUILT_PRODUCTS_DIR; };
		7E55C9CA1B3879B300360876 /* Info.plist */ = {isa = PBXFileReference; lastKnownFileType = text.plist.xml; path = Info.plist; sourceTree = "<group>"; };
		7E55C9CB1B3879B300360876 /* AppDelegate.swift */ = {isa = PBXFileReference; lastKnownFileType = sourcecode.swift; path = AppDelegate.swift; sourceTree = "<group>"; };
		7E55C9D41B3879B300360876 /* Images.xcassets */ = {isa = PBXFileReference; lastKnownFileType = folder.assetcatalog; path = Images.xcassets; sourceTree = "<group>"; };
		7E55C9D71B3879B300360876 /* Base */ = {isa = PBXFileReference; lastKnownFileType = file.xib; name = Base; path = Base.lproj/LaunchScreen.xib; sourceTree = "<group>"; };
		7E55C9DD1B3879B300360876 /* DeliveryTests.xctest */ = {isa = PBXFileReference; explicitFileType = wrapper.cfbundle; includeInIndex = 0; path = DeliveryTests.xctest; sourceTree = BUILT_PRODUCTS_DIR; };
		7E55C9E21B3879B300360876 /* Info.plist */ = {isa = PBXFileReference; lastKnownFileType = text.plist.xml; path = Info.plist; sourceTree = "<group>"; };
		7E55C9E31B3879B300360876 /* DeliveryTests.swift */ = {isa = PBXFileReference; lastKnownFileType = sourcecode.swift; path = DeliveryTests.swift; sourceTree = "<group>"; };
		7E55C9ED1B38873100360876 /* Jobs.swift */ = {isa = PBXFileReference; fileEncoding = 4; lastKnownFileType = sourcecode.swift; path = Jobs.swift; sourceTree = "<group>"; };
/* End PBXFileReference section */

/* Begin PBXFrameworksBuildPhase section */
		7E55C9C31B3879B300360876 /* Frameworks */ = {
			isa = PBXFrameworksBuildPhase;
			buildActionMask = 2147483647;
			files = (
				FFD9F5D57777A8B8873D39AA /* libPods.a in Frameworks */,
			);
			runOnlyForDeploymentPostprocessing = 0;
		};
		7E55C9DA1B3879B300360876 /* Frameworks */ = {
			isa = PBXFrameworksBuildPhase;
			buildActionMask = 2147483647;
			files = (
			);
			runOnlyForDeploymentPostprocessing = 0;
		};
/* End PBXFrameworksBuildPhase section */

/* Begin PBXGroup section */
		7E55C9BD1B3879B300360876 = {
			isa = PBXGroup;
			children = (
				1C6DC6931B3C85930017632F /* Podfile */,
				7E55C9C81B3879B300360876 /* Delivery */,
				7E55C9E01B3879B300360876 /* DeliveryTests */,
				7E55C9C71B3879B300360876 /* Products */,
				81E3B6AE12B9B271A1FBBC95 /* Pods */,
				A5E9440128193C3D4D4304CF /* Frameworks */,
			);
			sourceTree = "<group>";
		};
		7E55C9C71B3879B300360876 /* Products */ = {
			isa = PBXGroup;
			children = (
				7E55C9C61B3879B300360876 /* Delivery.app */,
				7E55C9DD1B3879B300360876 /* DeliveryTests.xctest */,
			);
			name = Products;
			sourceTree = "<group>";
		};
		7E55C9C81B3879B300360876 /* Delivery */ = {
			isa = PBXGroup;
			children = (
				1CE473AF1B3DF07600542D50 /* HTTPHelper.swift */,
				1C7F92B91B43335C005AFC8D /* MapTask.swift */,
				7E55C9CB1B3879B300360876 /* AppDelegate.swift */,
				7E55C9ED1B38873100360876 /* Jobs.swift */,
				1CCE6DF81B39D8CA00D0F5D2 /* JobCell.swift */,
				1CCE6DFA1B39FB7D00D0F5D2 /* ProgressCell.swift */,
				1CCE6DFE1B3A3A8C00D0F5D2 /* DeliveryCell.swift */,
				1C742A4B1B444AA000753C83 /* JobCompletedCell.swift */,
				1C742A4D1B4453E800753C83 /* TotalWageCell.swift */,
				1CCE6DEA1B38B7D700D0F5D2 /* JobDetailViewController.swift */,
				1C742A491B44448400753C83 /* CompletedJobsViewController.swift */,
				1CCE6DEE1B38FC9600D0F5D2 /* ClaimedJobsViewController.swift */,
				1CCE6DE81B38B69600D0F5D2 /* JobsListViewController.swift */,
				1CCE6DF21B3917E400D0F5D2 /* LoginViewController.swift */,
				1CBECF321B6FED51007C1024 /* SignUpViewController.swift */,
				1CBECF341B700566007C1024 /* SignUpViewController2.swift */,
				1CBECF361B71183B007C1024 /* SignUpViewController3.swift */,
				1CBECF381B714CA2007C1024 /* SignUpViewController4.swift */,
				1CBECF3A1B715591007C1024 /* SignUpViewController5.swift */,
				1CBECF3C1B716EDB007C1024 /* SignUpViewControllerFinal.swift */,
				1C6DC6951B3C87310017632F /* GoogleMapsViewController.swift */,
				1C291B4D1B3F27EE003BD7D7 /* KeychainWrapper.h */,
				1C291B4E1B3F27EF003BD7D7 /* KeychainWrapper.m */,
				1C291B501B3F5DED003BD7D7 /* Main.storyboard */,
				7E55C9D41B3879B300360876 /* Images.xcassets */,
				7E55C9D61B3879B300360876 /* LaunchScreen.xib */,
				7E55C9C91B3879B300360876 /* Supporting Files */,
				1C291B4C1B3F27EE003BD7D7 /* Delivery-Bridging-Header.h */,
			);
			path = Delivery;
			sourceTree = "<group>";
		};
		7E55C9C91B3879B300360876 /* Supporting Files */ = {
			isa = PBXGroup;
			children = (
				7E55C9CA1B3879B300360876 /* Info.plist */,
			);
			name = "Supporting Files";
			sourceTree = "<group>";
		};
		7E55C9E01B3879B300360876 /* DeliveryTests */ = {
			isa = PBXGroup;
			children = (
				7E55C9E31B3879B300360876 /* DeliveryTests.swift */,
				7E55C9E11B3879B300360876 /* Supporting Files */,
			);
			path = DeliveryTests;
			sourceTree = "<group>";
		};
		7E55C9E11B3879B300360876 /* Supporting Files */ = {
			isa = PBXGroup;
			children = (
				7E55C9E21B3879B300360876 /* Info.plist */,
			);
			name = "Supporting Files";
			sourceTree = "<group>";
		};
		81E3B6AE12B9B271A1FBBC95 /* Pods */ = {
			isa = PBXGroup;
			children = (
				7DA3A742354F3107E6B82311 /* Pods.debug.xcconfig */,
				523EA86EE30160508A32573A /* Pods.release.xcconfig */,
			);
			name = Pods;
			sourceTree = "<group>";
		};
		A5E9440128193C3D4D4304CF /* Frameworks */ = {
			isa = PBXGroup;
			children = (
				1CAF8D2F1B423D7400C18FCE /* GLKit.framework */,
				437B7261E7DFAA7B121DC08A /* libPods.a */,
			);
			name = Frameworks;
			sourceTree = "<group>";
		};
/* End PBXGroup section */

/* Begin PBXNativeTarget section */
		7E55C9C51B3879B300360876 /* Delivery */ = {
			isa = PBXNativeTarget;
			buildConfigurationList = 7E55C9E71B3879B300360876 /* Build configuration list for PBXNativeTarget "Delivery" */;
			buildPhases = (
				EECA945E1BD3213AED49786B /* Check Pods Manifest.lock */,
				7E55C9C21B3879B300360876 /* Sources */,
				7E55C9C31B3879B300360876 /* Frameworks */,
				7E55C9C41B3879B300360876 /* Resources */,
				4AA62E63AB77777DC2046FF1 /* Copy Pods Resources */,
			);
			buildRules = (
				7E55C9EF1B38A63000360876 /* PBXBuildRule */,
			);
			dependencies = (
			);
			name = Delivery;
			productName = Delivery;
			productReference = 7E55C9C61B3879B300360876 /* Delivery.app */;
			productType = "com.apple.product-type.application";
		};
		7E55C9DC1B3879B300360876 /* DeliveryTests */ = {
			isa = PBXNativeTarget;
			buildConfigurationList = 7E55C9EA1B3879B300360876 /* Build configuration list for PBXNativeTarget "DeliveryTests" */;
			buildPhases = (
				7E55C9D91B3879B300360876 /* Sources */,
				7E55C9DA1B3879B300360876 /* Frameworks */,
				7E55C9DB1B3879B300360876 /* Resources */,
			);
			buildRules = (
			);
			dependencies = (
				7E55C9DF1B3879B300360876 /* PBXTargetDependency */,
			);
			name = DeliveryTests;
			productName = DeliveryTests;
			productReference = 7E55C9DD1B3879B300360876 /* DeliveryTests.xctest */;
			productType = "com.apple.product-type.bundle.unit-test";
		};
/* End PBXNativeTarget section */

/* Begin PBXProject section */
		7E55C9BE1B3879B300360876 /* Project object */ = {
			isa = PBXProject;
			attributes = {
				LastUpgradeCheck = 0640;
				ORGANIZATIONNAME = NiuPiao;
				TargetAttributes = {
					7E55C9C51B3879B300360876 = {
						CreatedOnToolsVersion = 6.4;
						DevelopmentTeam = F6RJDD269P;
					};
					7E55C9DC1B3879B300360876 = {
						CreatedOnToolsVersion = 6.4;
						TestTargetID = 7E55C9C51B3879B300360876;
					};
				};
			};
			buildConfigurationList = 7E55C9C11B3879B300360876 /* Build configuration list for PBXProject "Delivery" */;
			compatibilityVersion = "Xcode 3.2";
			developmentRegion = English;
			hasScannedForEncodings = 0;
			knownRegions = (
				en,
				Base,
			);
			mainGroup = 7E55C9BD1B3879B300360876;
			productRefGroup = 7E55C9C71B3879B300360876 /* Products */;
			projectDirPath = "";
			projectRoot = "";
			targets = (
				7E55C9C51B3879B300360876 /* Delivery */,
				7E55C9DC1B3879B300360876 /* DeliveryTests */,
			);
		};
/* End PBXProject section */

/* Begin PBXResourcesBuildPhase section */
		7E55C9C41B3879B300360876 /* Resources */ = {
			isa = PBXResourcesBuildPhase;
			buildActionMask = 2147483647;
			files = (
				7E55C9D81B3879B300360876 /* LaunchScreen.xib in Resources */,
				1C6DC6941B3C85930017632F /* Podfile in Resources */,
				7E55C9D51B3879B300360876 /* Images.xcassets in Resources */,
				1C291B521B3F5DED003BD7D7 /* Main.storyboard in Resources */,
			);
			runOnlyForDeploymentPostprocessing = 0;
		};
		7E55C9DB1B3879B300360876 /* Resources */ = {
			isa = PBXResourcesBuildPhase;
			buildActionMask = 2147483647;
			files = (
			);
			runOnlyForDeploymentPostprocessing = 0;
		};
/* End PBXResourcesBuildPhase section */

/* Begin PBXShellScriptBuildPhase section */
		4AA62E63AB77777DC2046FF1 /* Copy Pods Resources */ = {
			isa = PBXShellScriptBuildPhase;
			buildActionMask = 2147483647;
			files = (
			);
			inputPaths = (
			);
			name = "Copy Pods Resources";
			outputPaths = (
			);
			runOnlyForDeploymentPostprocessing = 0;
			shellPath = /bin/sh;
			shellScript = "\"${SRCROOT}/Pods/Target Support Files/Pods/Pods-resources.sh\"\n";
			showEnvVarsInLog = 0;
		};
		EECA945E1BD3213AED49786B /* Check Pods Manifest.lock */ = {
			isa = PBXShellScriptBuildPhase;
			buildActionMask = 2147483647;
			files = (
			);
			inputPaths = (
			);
			name = "Check Pods Manifest.lock";
			outputPaths = (
			);
			runOnlyForDeploymentPostprocessing = 0;
			shellPath = /bin/sh;
			shellScript = "diff \"${PODS_ROOT}/../Podfile.lock\" \"${PODS_ROOT}/Manifest.lock\" > /dev/null\nif [[ $? != 0 ]] ; then\n    cat << EOM\nerror: The sandbox is not in sync with the Podfile.lock. Run 'pod install' or update your CocoaPods installation.\nEOM\n    exit 1\nfi\n";
			showEnvVarsInLog = 0;
		};
/* End PBXShellScriptBuildPhase section */

/* Begin PBXSourcesBuildPhase section */
		7E55C9C21B3879B300360876 /* Sources */ = {
			isa = PBXSourcesBuildPhase;
			buildActionMask = 2147483647;
			files = (
				1C742A4A1B44448400753C83 /* CompletedJobsViewController.swift in Sources */,
				1CCE6DF31B3917E400D0F5D2 /* LoginViewController.swift in Sources */,
				1C7F92BA1B43335C005AFC8D /* MapTask.swift in Sources */,
				1CBECF351B700566007C1024 /* SignUpViewController2.swift in Sources */,
				1CCE6DEF1B38FC9600D0F5D2 /* ClaimedJobsViewController.swift in Sources */,
				1CCE6DFB1B39FB7D00D0F5D2 /* ProgressCell.swift in Sources */,
				1CBECF331B6FED51007C1024 /* SignUpViewController.swift in Sources */,
				1CCE6DE91B38B69600D0F5D2 /* JobsListViewController.swift in Sources */,
				1C742A4E1B4453E800753C83 /* TotalWageCell.swift in Sources */,
				1CCE6DEB1B38B7D700D0F5D2 /* JobDetailViewController.swift in Sources */,
				1CBECF371B71183B007C1024 /* SignUpViewController3.swift in Sources */,
				1C742A4C1B444AA000753C83 /* JobCompletedCell.swift in Sources */,
				7E55C9CC1B3879B300360876 /* AppDelegate.swift in Sources */,
				1C6DC6961B3C87310017632F /* GoogleMapsViewController.swift in Sources */,
				1CBECF3B1B715591007C1024 /* SignUpViewController5.swift in Sources */,
				1C291B4F1B3F27EF003BD7D7 /* KeychainWrapper.m in Sources */,
				1CBECF391B714CA2007C1024 /* SignUpViewController4.swift in Sources */,
				1CBECF3D1B716EDB007C1024 /* SignUpViewControllerFinal.swift in Sources */,
				1CCE6DFF1B3A3A8C00D0F5D2 /* DeliveryCell.swift in Sources */,
				1CE473B01B3DF07600542D50 /* HTTPHelper.swift in Sources */,
				7E55C9EE1B38873100360876 /* Jobs.swift in Sources */,
				1CCE6DF91B39D8CA00D0F5D2 /* JobCell.swift in Sources */,
			);
			runOnlyForDeploymentPostprocessing = 0;
		};
		7E55C9D91B3879B300360876 /* Sources */ = {
			isa = PBXSourcesBuildPhase;
			buildActionMask = 2147483647;
			files = (
				7E55C9E41B3879B300360876 /* DeliveryTests.swift in Sources */,
			);
			runOnlyForDeploymentPostprocessing = 0;
		};
/* End PBXSourcesBuildPhase section */

/* Begin PBXTargetDependency section */
		7E55C9DF1B3879B300360876 /* PBXTargetDependency */ = {
			isa = PBXTargetDependency;
			target = 7E55C9C51B3879B300360876 /* Delivery */;
			targetProxy = 7E55C9DE1B3879B300360876 /* PBXContainerItemProxy */;
		};
/* End PBXTargetDependency section */

/* Begin PBXVariantGroup section */
		1C291B501B3F5DED003BD7D7 /* Main.storyboard */ = {
			isa = PBXVariantGroup;
			children = (
				1C291B511B3F5DED003BD7D7 /* Base */,
			);
			name = Main.storyboard;
			sourceTree = "<group>";
		};
		7E55C9D61B3879B300360876 /* LaunchScreen.xib */ = {
			isa = PBXVariantGroup;
			children = (
				7E55C9D71B3879B300360876 /* Base */,
			);
			name = LaunchScreen.xib;
			sourceTree = "<group>";
		};
/* End PBXVariantGroup section */

/* Begin XCBuildConfiguration section */
		7E55C9E51B3879B300360876 /* Debug */ = {
			isa = XCBuildConfiguration;
			buildSettings = {
				ALWAYS_SEARCH_USER_PATHS = NO;
				CLANG_CXX_LANGUAGE_STANDARD = "gnu++0x";
				CLANG_CXX_LIBRARY = "libc++";
				CLANG_ENABLE_MODULES = YES;
				CLANG_ENABLE_OBJC_ARC = YES;
				CLANG_WARN_BOOL_CONVERSION = YES;
				CLANG_WARN_CONSTANT_CONVERSION = YES;
				CLANG_WARN_DIRECT_OBJC_ISA_USAGE = YES_ERROR;
				CLANG_WARN_EMPTY_BODY = YES;
				CLANG_WARN_ENUM_CONVERSION = YES;
				CLANG_WARN_INT_CONVERSION = YES;
				CLANG_WARN_OBJC_ROOT_CLASS = YES_ERROR;
				CLANG_WARN_UNREACHABLE_CODE = YES;
				CLANG_WARN__DUPLICATE_METHOD_MATCH = YES;
				"CODE_SIGN_IDENTITY[sdk=iphoneos*]" = "iPhone Developer";
				COPY_PHASE_STRIP = NO;
				DEBUG_INFORMATION_FORMAT = "dwarf-with-dsym";
				ENABLE_STRICT_OBJC_MSGSEND = YES;
				GCC_C_LANGUAGE_STANDARD = gnu99;
				GCC_DYNAMIC_NO_PIC = NO;
				GCC_NO_COMMON_BLOCKS = YES;
				GCC_OPTIMIZATION_LEVEL = 0;
				GCC_PREPROCESSOR_DEFINITIONS = (
					"DEBUG=1",
					"$(inherited)",
				);
				GCC_SYMBOLS_PRIVATE_EXTERN = NO;
				GCC_WARN_64_TO_32_BIT_CONVERSION = YES;
				GCC_WARN_ABOUT_RETURN_TYPE = YES_ERROR;
				GCC_WARN_UNDECLARED_SELECTOR = YES;
				GCC_WARN_UNINITIALIZED_AUTOS = YES_AGGRESSIVE;
				GCC_WARN_UNUSED_FUNCTION = YES;
				GCC_WARN_UNUSED_VARIABLE = YES;
				IPHONEOS_DEPLOYMENT_TARGET = 8.4;
				MTL_ENABLE_DEBUG_INFO = YES;
				ONLY_ACTIVE_ARCH = YES;
				SDKROOT = iphoneos;
				SWIFT_OPTIMIZATION_LEVEL = "-Onone";
			};
			name = Debug;
		};
		7E55C9E61B3879B300360876 /* Release */ = {
			isa = XCBuildConfiguration;
			buildSettings = {
				ALWAYS_SEARCH_USER_PATHS = NO;
				CLANG_CXX_LANGUAGE_STANDARD = "gnu++0x";
				CLANG_CXX_LIBRARY = "libc++";
				CLANG_ENABLE_MODULES = YES;
				CLANG_ENABLE_OBJC_ARC = YES;
				CLANG_WARN_BOOL_CONVERSION = YES;
				CLANG_WARN_CONSTANT_CONVERSION = YES;
				CLANG_WARN_DIRECT_OBJC_ISA_USAGE = YES_ERROR;
				CLANG_WARN_EMPTY_BODY = YES;
				CLANG_WARN_ENUM_CONVERSION = YES;
				CLANG_WARN_INT_CONVERSION = YES;
				CLANG_WARN_OBJC_ROOT_CLASS = YES_ERROR;
				CLANG_WARN_UNREACHABLE_CODE = YES;
				CLANG_WARN__DUPLICATE_METHOD_MATCH = YES;
				"CODE_SIGN_IDENTITY[sdk=iphoneos*]" = "iPhone Developer";
				COPY_PHASE_STRIP = NO;
				DEBUG_INFORMATION_FORMAT = "dwarf-with-dsym";
				ENABLE_NS_ASSERTIONS = NO;
				ENABLE_STRICT_OBJC_MSGSEND = YES;
				GCC_C_LANGUAGE_STANDARD = gnu99;
				GCC_NO_COMMON_BLOCKS = YES;
				GCC_WARN_64_TO_32_BIT_CONVERSION = YES;
				GCC_WARN_ABOUT_RETURN_TYPE = YES_ERROR;
				GCC_WARN_UNDECLARED_SELECTOR = YES;
				GCC_WARN_UNINITIALIZED_AUTOS = YES_AGGRESSIVE;
				GCC_WARN_UNUSED_FUNCTION = YES;
				GCC_WARN_UNUSED_VARIABLE = YES;
				IPHONEOS_DEPLOYMENT_TARGET = 8.4;
				MTL_ENABLE_DEBUG_INFO = NO;
				SDKROOT = iphoneos;
				VALIDATE_PRODUCT = YES;
			};
			name = Release;
		};
		7E55C9E81B3879B300360876 /* Debug */ = {
			isa = XCBuildConfiguration;
			baseConfigurationReference = 7DA3A742354F3107E6B82311 /* Pods.debug.xcconfig */;
			buildSettings = {
				ASSETCATALOG_COMPILER_APPICON_NAME = AppIcon;
				CLANG_ENABLE_MODULES = YES;
				CODE_SIGN_IDENTITY = "iPhone Developer";
				"CODE_SIGN_IDENTITY[sdk=iphoneos*]" = "iPhone Developer";
				INFOPLIST_FILE = Delivery/Info.plist;
				IPHONEOS_DEPLOYMENT_TARGET = 8.3;
				LD_RUNPATH_SEARCH_PATHS = "$(inherited) @executable_path/Frameworks";
				PRODUCT_NAME = "$(TARGET_NAME)";
				PROVISIONING_PROFILE = "";
				SWIFT_OBJC_BRIDGING_HEADER = "Delivery/Delivery-Bridging-Header.h";
				SWIFT_OPTIMIZATION_LEVEL = "-Onone";
			};
			name = Debug;
		};
		7E55C9E91B3879B300360876 /* Release */ = {
			isa = XCBuildConfiguration;
			baseConfigurationReference = 523EA86EE30160508A32573A /* Pods.release.xcconfig */;
			buildSettings = {
				ASSETCATALOG_COMPILER_APPICON_NAME = AppIcon;
				CLANG_ENABLE_MODULES = YES;
				CODE_SIGN_IDENTITY = "iPhone Developer";
				"CODE_SIGN_IDENTITY[sdk=iphoneos*]" = "iPhone Developer";
				INFOPLIST_FILE = Delivery/Info.plist;
				IPHONEOS_DEPLOYMENT_TARGET = 8.3;
				LD_RUNPATH_SEARCH_PATHS = "$(inherited) @executable_path/Frameworks";
				PRODUCT_NAME = "$(TARGET_NAME)";
				PROVISIONING_PROFILE = "";
				SWIFT_OBJC_BRIDGING_HEADER = "Delivery/Delivery-Bridging-Header.h";
			};
			name = Release;
		};
		7E55C9EB1B3879B300360876 /* Debug */ = {
			isa = XCBuildConfiguration;
			buildSettings = {
				BUNDLE_LOADER = "$(TEST_HOST)";
				FRAMEWORK_SEARCH_PATHS = (
					"$(SDKROOT)/Developer/Library/Frameworks",
					"$(inherited)",
				);
				GCC_PREPROCESSOR_DEFINITIONS = (
					"DEBUG=1",
					"$(inherited)",
				);
				INFOPLIST_FILE = DeliveryTests/Info.plist;
				IPHONEOS_DEPLOYMENT_TARGET = 8.3;
				LD_RUNPATH_SEARCH_PATHS = "$(inherited) @executable_path/Frameworks @loader_path/Frameworks";
				PRODUCT_NAME = "$(TARGET_NAME)";
				TEST_HOST = "$(BUILT_PRODUCTS_DIR)/Delivery.app/Delivery";
			};
			name = Debug;
		};
		7E55C9EC1B3879B300360876 /* Release */ = {
			isa = XCBuildConfiguration;
			buildSettings = {
				BUNDLE_LOADER = "$(TEST_HOST)";
				FRAMEWORK_SEARCH_PATHS = (
					"$(SDKROOT)/Developer/Library/Frameworks",
					"$(inherited)",
				);
				INFOPLIST_FILE = DeliveryTests/Info.plist;
				IPHONEOS_DEPLOYMENT_TARGET = 8.3;
				LD_RUNPATH_SEARCH_PATHS = "$(inherited) @executable_path/Frameworks @loader_path/Frameworks";
				PRODUCT_NAME = "$(TARGET_NAME)";
				TEST_HOST = "$(BUILT_PRODUCTS_DIR)/Delivery.app/Delivery";
			};
			name = Release;
		};
/* End XCBuildConfiguration section */

/* Begin XCConfigurationList section */
		7E55C9C11B3879B300360876 /* Build configuration list for PBXProject "Delivery" */ = {
			isa = XCConfigurationList;
			buildConfigurations = (
				7E55C9E51B3879B300360876 /* Debug */,
				7E55C9E61B3879B300360876 /* Release */,
			);
			defaultConfigurationIsVisible = 0;
			defaultConfigurationName = Release;
		};
		7E55C9E71B3879B300360876 /* Build configuration list for PBXNativeTarget "Delivery" */ = {
			isa = XCConfigurationList;
			buildConfigurations = (
				7E55C9E81B3879B300360876 /* Debug */,
				7E55C9E91B3879B300360876 /* Release */,
			);
			defaultConfigurationIsVisible = 0;
			defaultConfigurationName = Release;
		};
		7E55C9EA1B3879B300360876 /* Build configuration list for PBXNativeTarget "DeliveryTests" */ = {
			isa = XCConfigurationList;
			buildConfigurations = (
				7E55C9EB1B3879B300360876 /* Debug */,
				7E55C9EC1B3879B300360876 /* Release */,
			);
			defaultConfigurationIsVisible = 0;
			defaultConfigurationName = Release;
		};
/* End XCConfigurationList section */
	};
	rootObject = 7E55C9BE1B3879B300360876 /* Project object */;
}
