// !$*UTF8*$!
{
	archiveVersion = 1;
	classes = {
	};
	objectVersion = 46;
	objects = {

/* Begin PBXBuildFile section */
		1CCE6D991B385C0300D0F5D2 /* AppDelegate.swift in Sources */ = {isa = PBXBuildFile; fileRef = 1CCE6D981B385C0300D0F5D2 /* AppDelegate.swift */; };
		1CCE6D9B1B385C0300D0F5D2 /* ViewController.swift in Sources */ = {isa = PBXBuildFile; fileRef = 1CCE6D9A1B385C0300D0F5D2 /* ViewController.swift */; };
		1CCE6D9E1B385C0300D0F5D2 /* Main.storyboard in Resources */ = {isa = PBXBuildFile; fileRef = 1CCE6D9C1B385C0300D0F5D2 /* Main.storyboard */; };
		1CCE6DA01B385C0300D0F5D2 /* Images.xcassets in Resources */ = {isa = PBXBuildFile; fileRef = 1CCE6D9F1B385C0300D0F5D2 /* Images.xcassets */; };
		1CCE6DA31B385C0300D0F5D2 /* LaunchScreen.xib in Resources */ = {isa = PBXBuildFile; fileRef = 1CCE6DA11B385C0300D0F5D2 /* LaunchScreen.xib */; };
		1CCE6DAF1B385C0300D0F5D2 /* DeliveryTests.swift in Sources */ = {isa = PBXBuildFile; fileRef = 1CCE6DAE1B385C0300D0F5D2 /* DeliveryTests.swift */; };
/* End PBXBuildFile section */

/* Begin PBXContainerItemProxy section */
		1CCE6DA91B385C0300D0F5D2 /* PBXContainerItemProxy */ = {
			isa = PBXContainerItemProxy;
			containerPortal = 1CCE6D8B1B385C0300D0F5D2 /* Project object */;
			proxyType = 1;
			remoteGlobalIDString = 1CCE6D921B385C0300D0F5D2;
			remoteInfo = Delivery;
		};
/* End PBXContainerItemProxy section */

/* Begin PBXFileReference section */
		1CCE6D931B385C0300D0F5D2 /* Delivery.app */ = {isa = PBXFileReference; explicitFileType = wrapper.application; includeInIndex = 0; path = Delivery.app; sourceTree = BUILT_PRODUCTS_DIR; };
		1CCE6D971B385C0300D0F5D2 /* Info.plist */ = {isa = PBXFileReference; lastKnownFileType = text.plist.xml; path = Info.plist; sourceTree = "<group>"; };
		1CCE6D981B385C0300D0F5D2 /* AppDelegate.swift */ = {isa = PBXFileReference; lastKnownFileType = sourcecode.swift; path = AppDelegate.swift; sourceTree = "<group>"; };
		1CCE6D9A1B385C0300D0F5D2 /* ViewController.swift */ = {isa = PBXFileReference; lastKnownFileType = sourcecode.swift; path = ViewController.swift; sourceTree = "<group>"; };
		1CCE6D9D1B385C0300D0F5D2 /* Base */ = {isa = PBXFileReference; lastKnownFileType = file.storyboard; name = Base; path = Base.lproj/Main.storyboard; sourceTree = "<group>"; };
		1CCE6D9F1B385C0300D0F5D2 /* Images.xcassets */ = {isa = PBXFileReference; lastKnownFileType = folder.assetcatalog; path = Images.xcassets; sourceTree = "<group>"; };
		1CCE6DA21B385C0300D0F5D2 /* Base */ = {isa = PBXFileReference; lastKnownFileType = file.xib; name = Base; path = Base.lproj/LaunchScreen.xib; sourceTree = "<group>"; };
		1CCE6DA81B385C0300D0F5D2 /* DeliveryTests.xctest */ = {isa = PBXFileReference; explicitFileType = wrapper.cfbundle; includeInIndex = 0; path = DeliveryTests.xctest; sourceTree = BUILT_PRODUCTS_DIR; };
		1CCE6DAD1B385C0300D0F5D2 /* Info.plist */ = {isa = PBXFileReference; lastKnownFileType = text.plist.xml; path = Info.plist; sourceTree = "<group>"; };
		1CCE6DAE1B385C0300D0F5D2 /* DeliveryTests.swift */ = {isa = PBXFileReference; lastKnownFileType = sourcecode.swift; path = DeliveryTests.swift; sourceTree = "<group>"; };
/* End PBXFileReference section */

/* Begin PBXFrameworksBuildPhase section */
		1CCE6D901B385C0300D0F5D2 /* Frameworks */ = {
			isa = PBXFrameworksBuildPhase;
			buildActionMask = 2147483647;
			files = (
			);
			runOnlyForDeploymentPostprocessing = 0;
		};
		1CCE6DA51B385C0300D0F5D2 /* Frameworks */ = {
			isa = PBXFrameworksBuildPhase;
			buildActionMask = 2147483647;
			files = (
			);
			runOnlyForDeploymentPostprocessing = 0;
		};
/* End PBXFrameworksBuildPhase section */

/* Begin PBXGroup section */
		1CCE6D8A1B385C0300D0F5D2 = {
			isa = PBXGroup;
			children = (
				1CCE6D951B385C0300D0F5D2 /* Delivery */,
				1CCE6DAB1B385C0300D0F5D2 /* DeliveryTests */,
				1CCE6D941B385C0300D0F5D2 /* Products */,
			);
			sourceTree = "<group>";
		};
		1CCE6D941B385C0300D0F5D2 /* Products */ = {
			isa = PBXGroup;
			children = (
				1CCE6D931B385C0300D0F5D2 /* Delivery.app */,
				1CCE6DA81B385C0300D0F5D2 /* DeliveryTests.xctest */,
			);
			name = Products;
			sourceTree = "<group>";
		};
		1CCE6D951B385C0300D0F5D2 /* Delivery */ = {
			isa = PBXGroup;
			children = (
				1CCE6D981B385C0300D0F5D2 /* AppDelegate.swift */,
				1CCE6D9A1B385C0300D0F5D2 /* ViewController.swift */,
				1CCE6D9C1B385C0300D0F5D2 /* Main.storyboard */,
				1CCE6D9F1B385C0300D0F5D2 /* Images.xcassets */,
				1CCE6DA11B385C0300D0F5D2 /* LaunchScreen.xib */,
				1CCE6D961B385C0300D0F5D2 /* Supporting Files */,
			);
			path = Delivery;
			sourceTree = "<group>";
		};
		1CCE6D961B385C0300D0F5D2 /* Supporting Files */ = {
			isa = PBXGroup;
			children = (
				1CCE6D971B385C0300D0F5D2 /* Info.plist */,
			);
			name = "Supporting Files";
			sourceTree = "<group>";
		};
		1CCE6DAB1B385C0300D0F5D2 /* DeliveryTests */ = {
			isa = PBXGroup;
			children = (
				1CCE6DAE1B385C0300D0F5D2 /* DeliveryTests.swift */,
				1CCE6DAC1B385C0300D0F5D2 /* Supporting Files */,
			);
			path = DeliveryTests;
			sourceTree = "<group>";
		};
		1CCE6DAC1B385C0300D0F5D2 /* Supporting Files */ = {
			isa = PBXGroup;
			children = (
				1CCE6DAD1B385C0300D0F5D2 /* Info.plist */,
			);
			name = "Supporting Files";
			sourceTree = "<group>";
		};
/* End PBXGroup section */

/* Begin PBXNativeTarget section */
		1CCE6D921B385C0300D0F5D2 /* Delivery */ = {
			isa = PBXNativeTarget;
			buildConfigurationList = 1CCE6DB21B385C0300D0F5D2 /* Build configuration list for PBXNativeTarget "Delivery" */;
			buildPhases = (
				1CCE6D8F1B385C0300D0F5D2 /* Sources */,
				1CCE6D901B385C0300D0F5D2 /* Frameworks */,
				1CCE6D911B385C0300D0F5D2 /* Resources */,
			);
			buildRules = (
			);
			dependencies = (
			);
			name = Delivery;
			productName = Delivery;
			productReference = 1CCE6D931B385C0300D0F5D2 /* Delivery.app */;
			productType = "com.apple.product-type.application";
		};
		1CCE6DA71B385C0300D0F5D2 /* DeliveryTests */ = {
			isa = PBXNativeTarget;
			buildConfigurationList = 1CCE6DB51B385C0300D0F5D2 /* Build configuration list for PBXNativeTarget "DeliveryTests" */;
			buildPhases = (
				1CCE6DA41B385C0300D0F5D2 /* Sources */,
				1CCE6DA51B385C0300D0F5D2 /* Frameworks */,
				1CCE6DA61B385C0300D0F5D2 /* Resources */,
			);
			buildRules = (
			);
			dependencies = (
				1CCE6DAA1B385C0300D0F5D2 /* PBXTargetDependency */,
			);
			name = DeliveryTests;
			productName = DeliveryTests;
			productReference = 1CCE6DA81B385C0300D0F5D2 /* DeliveryTests.xctest */;
			productType = "com.apple.product-type.bundle.unit-test";
		};
/* End PBXNativeTarget section */

/* Begin PBXProject section */
		1CCE6D8B1B385C0300D0F5D2 /* Project object */ = {
			isa = PBXProject;
			attributes = {
				LastUpgradeCheck = 0630;
				ORGANIZATIONNAME = NiuPiao;
				TargetAttributes = {
					1CCE6D921B385C0300D0F5D2 = {
						CreatedOnToolsVersion = 6.3.2;
					};
					1CCE6DA71B385C0300D0F5D2 = {
						CreatedOnToolsVersion = 6.3.2;
						TestTargetID = 1CCE6D921B385C0300D0F5D2;
					};
				};
			};
			buildConfigurationList = 1CCE6D8E1B385C0300D0F5D2 /* Build configuration list for PBXProject "Delivery" */;
			compatibilityVersion = "Xcode 3.2";
			developmentRegion = English;
			hasScannedForEncodings = 0;
			knownRegions = (
				en,
				Base,
			);
			mainGroup = 1CCE6D8A1B385C0300D0F5D2;
			productRefGroup = 1CCE6D941B385C0300D0F5D2 /* Products */;
			projectDirPath = "";
			projectRoot = "";
			targets = (
				1CCE6D921B385C0300D0F5D2 /* Delivery */,
				1CCE6DA71B385C0300D0F5D2 /* DeliveryTests */,
			);
		};
/* End PBXProject section */

/* Begin PBXResourcesBuildPhase section */
		1CCE6D911B385C0300D0F5D2 /* Resources */ = {
			isa = PBXResourcesBuildPhase;
			buildActionMask = 2147483647;
			files = (
				1CCE6D9E1B385C0300D0F5D2 /* Main.storyboard in Resources */,
				1CCE6DA31B385C0300D0F5D2 /* LaunchScreen.xib in Resources */,
				1CCE6DA01B385C0300D0F5D2 /* Images.xcassets in Resources */,
			);
			runOnlyForDeploymentPostprocessing = 0;
		};
		1CCE6DA61B385C0300D0F5D2 /* Resources */ = {
			isa = PBXResourcesBuildPhase;
			buildActionMask = 2147483647;
			files = (
			);
			runOnlyForDeploymentPostprocessing = 0;
		};
/* End PBXResourcesBuildPhase section */

/* Begin PBXSourcesBuildPhase section */
		1CCE6D8F1B385C0300D0F5D2 /* Sources */ = {
			isa = PBXSourcesBuildPhase;
			buildActionMask = 2147483647;
			files = (
				1CCE6D9B1B385C0300D0F5D2 /* ViewController.swift in Sources */,
				1CCE6D991B385C0300D0F5D2 /* AppDelegate.swift in Sources */,
			);
			runOnlyForDeploymentPostprocessing = 0;
		};
		1CCE6DA41B385C0300D0F5D2 /* Sources */ = {
			isa = PBXSourcesBuildPhase;
			buildActionMask = 2147483647;
			files = (
				1CCE6DAF1B385C0300D0F5D2 /* DeliveryTests.swift in Sources */,
			);
			runOnlyForDeploymentPostprocessing = 0;
		};
/* End PBXSourcesBuildPhase section */

/* Begin PBXTargetDependency section */
		1CCE6DAA1B385C0300D0F5D2 /* PBXTargetDependency */ = {
			isa = PBXTargetDependency;
			target = 1CCE6D921B385C0300D0F5D2 /* Delivery */;
			targetProxy = 1CCE6DA91B385C0300D0F5D2 /* PBXContainerItemProxy */;
		};
/* End PBXTargetDependency section */

/* Begin PBXVariantGroup section */
		1CCE6D9C1B385C0300D0F5D2 /* Main.storyboard */ = {
			isa = PBXVariantGroup;
			children = (
				1CCE6D9D1B385C0300D0F5D2 /* Base */,
			);
			name = Main.storyboard;
			sourceTree = "<group>";
		};
		1CCE6DA11B385C0300D0F5D2 /* LaunchScreen.xib */ = {
			isa = PBXVariantGroup;
			children = (
				1CCE6DA21B385C0300D0F5D2 /* Base */,
			);
			name = LaunchScreen.xib;
			sourceTree = "<group>";
		};
/* End PBXVariantGroup section */

/* Begin XCBuildConfiguration section */
		1CCE6DB01B385C0300D0F5D2 /* Debug */ = {
			isa = XCBuildConfiguration;
			buildSettings = {
				ALWAYS_SEARCH_USER_PATHS = NO;
				CLANG_CXX_LANGUAGE_STANDARD = "gnu++0x";
				CLANG_CXX_LIBRARY = "libc++";
				CLANG_ENABLE_MODULES = YES;
				CLANG_ENABLE_OBJC_ARC = YES;
				CLANG_WARN_BOOL_CONVERSION = YES;
				CLANG_WARN_CONSTANT_CONVERSION = YES;
				CLANG_WARN_DIRECT_OBJC_ISA_USAGE = YES_ERROR;
				CLANG_WARN_EMPTY_BODY = YES;
				CLANG_WARN_ENUM_CONVERSION = YES;
				CLANG_WARN_INT_CONVERSION = YES;
				CLANG_WARN_OBJC_ROOT_CLASS = YES_ERROR;
				CLANG_WARN_UNREACHABLE_CODE = YES;
				CLANG_WARN__DUPLICATE_METHOD_MATCH = YES;
				"CODE_SIGN_IDENTITY[sdk=iphoneos*]" = "iPhone Developer";
				COPY_PHASE_STRIP = NO;
				DEBUG_INFORMATION_FORMAT = "dwarf-with-dsym";
				ENABLE_STRICT_OBJC_MSGSEND = YES;
				GCC_C_LANGUAGE_STANDARD = gnu99;
				GCC_DYNAMIC_NO_PIC = NO;
				GCC_NO_COMMON_BLOCKS = YES;
				GCC_OPTIMIZATION_LEVEL = 0;
				GCC_PREPROCESSOR_DEFINITIONS = (
					"DEBUG=1",
					"$(inherited)",
				);
				GCC_SYMBOLS_PRIVATE_EXTERN = NO;
				GCC_WARN_64_TO_32_BIT_CONVERSION = YES;
				GCC_WARN_ABOUT_RETURN_TYPE = YES_ERROR;
				GCC_WARN_UNDECLARED_SELECTOR = YES;
				GCC_WARN_UNINITIALIZED_AUTOS = YES_AGGRESSIVE;
				GCC_WARN_UNUSED_FUNCTION = YES;
				GCC_WARN_UNUSED_VARIABLE = YES;
				IPHONEOS_DEPLOYMENT_TARGET = 8.3;
				MTL_ENABLE_DEBUG_INFO = YES;
				ONLY_ACTIVE_ARCH = YES;
				SDKROOT = iphoneos;
				SWIFT_OPTIMIZATION_LEVEL = "-Onone";
				TARGETED_DEVICE_FAMILY = "1,2";
			};
			name = Debug;
		};
		1CCE6DB11B385C0300D0F5D2 /* Release */ = {
			isa = XCBuildConfiguration;
			buildSettings = {
				ALWAYS_SEARCH_USER_PATHS = NO;
				CLANG_CXX_LANGUAGE_STANDARD = "gnu++0x";
				CLANG_CXX_LIBRARY = "libc++";
				CLANG_ENABLE_MODULES = YES;
				CLANG_ENABLE_OBJC_ARC = YES;
				CLANG_WARN_BOOL_CONVERSION = YES;
				CLANG_WARN_CONSTANT_CONVERSION = YES;
				CLANG_WARN_DIRECT_OBJC_ISA_USAGE = YES_ERROR;
				CLANG_WARN_EMPTY_BODY = YES;
				CLANG_WARN_ENUM_CONVERSION = YES;
				CLANG_WARN_INT_CONVERSION = YES;
				CLANG_WARN_OBJC_ROOT_CLASS = YES_ERROR;
				CLANG_WARN_UNREACHABLE_CODE = YES;
				CLANG_WARN__DUPLICATE_METHOD_MATCH = YES;
				"CODE_SIGN_IDENTITY[sdk=iphoneos*]" = "iPhone Developer";
				COPY_PHASE_STRIP = NO;
				DEBUG_INFORMATION_FORMAT = "dwarf-with-dsym";
				ENABLE_NS_ASSERTIONS = NO;
				ENABLE_STRICT_OBJC_MSGSEND = YES;
				GCC_C_LANGUAGE_STANDARD = gnu99;
				GCC_NO_COMMON_BLOCKS = YES;
				GCC_WARN_64_TO_32_BIT_CONVERSION = YES;
				GCC_WARN_ABOUT_RETURN_TYPE = YES_ERROR;
				GCC_WARN_UNDECLARED_SELECTOR = YES;
				GCC_WARN_UNINITIALIZED_AUTOS = YES_AGGRESSIVE;
				GCC_WARN_UNUSED_FUNCTION = YES;
				GCC_WARN_UNUSED_VARIABLE = YES;
				IPHONEOS_DEPLOYMENT_TARGET = 8.3;
				MTL_ENABLE_DEBUG_INFO = NO;
				SDKROOT = iphoneos;
				TARGETED_DEVICE_FAMILY = "1,2";
				VALIDATE_PRODUCT = YES;
			};
			name = Release;
		};
		1CCE6DB31B385C0300D0F5D2 /* Debug */ = {
			isa = XCBuildConfiguration;
			buildSettings = {
				ASSETCATALOG_COMPILER_APPICON_NAME = AppIcon;
				INFOPLIST_FILE = Delivery/Info.plist;
				LD_RUNPATH_SEARCH_PATHS = "$(inherited) @executable_path/Frameworks";
				PRODUCT_NAME = "$(TARGET_NAME)";
			};
			name = Debug;
		};
		1CCE6DB41B385C0300D0F5D2 /* Release */ = {
			isa = XCBuildConfiguration;
			buildSettings = {
				ASSETCATALOG_COMPILER_APPICON_NAME = AppIcon;
				INFOPLIST_FILE = Delivery/Info.plist;
				LD_RUNPATH_SEARCH_PATHS = "$(inherited) @executable_path/Frameworks";
				PRODUCT_NAME = "$(TARGET_NAME)";
			};
			name = Release;
		};
		1CCE6DB61B385C0300D0F5D2 /* Debug */ = {
			isa = XCBuildConfiguration;
			buildSettings = {
				BUNDLE_LOADER = "$(TEST_HOST)";
				FRAMEWORK_SEARCH_PATHS = (
					"$(SDKROOT)/Developer/Library/Frameworks",
					"$(inherited)",
				);
				GCC_PREPROCESSOR_DEFINITIONS = (
					"DEBUG=1",
					"$(inherited)",
				);
				INFOPLIST_FILE = DeliveryTests/Info.plist;
				LD_RUNPATH_SEARCH_PATHS = "$(inherited) @executable_path/Frameworks @loader_path/Frameworks";
				PRODUCT_NAME = "$(TARGET_NAME)";
				TEST_HOST = "$(BUILT_PRODUCTS_DIR)/Delivery.app/Delivery";
			};
			name = Debug;
		};
		1CCE6DB71B385C0300D0F5D2 /* Release */ = {
			isa = XCBuildConfiguration;
			buildSettings = {
				BUNDLE_LOADER = "$(TEST_HOST)";
				FRAMEWORK_SEARCH_PATHS = (
					"$(SDKROOT)/Developer/Library/Frameworks",
					"$(inherited)",
				);
				INFOPLIST_FILE = DeliveryTests/Info.plist;
				LD_RUNPATH_SEARCH_PATHS = "$(inherited) @executable_path/Frameworks @loader_path/Frameworks";
				PRODUCT_NAME = "$(TARGET_NAME)";
				TEST_HOST = "$(BUILT_PRODUCTS_DIR)/Delivery.app/Delivery";
			};
			name = Release;
		};
/* End XCBuildConfiguration section */

/* Begin XCConfigurationList section */
		1CCE6D8E1B385C0300D0F5D2 /* Build configuration list for PBXProject "Delivery" */ = {
			isa = XCConfigurationList;
			buildConfigurations = (
				1CCE6DB01B385C0300D0F5D2 /* Debug */,
				1CCE6DB11B385C0300D0F5D2 /* Release */,
			);
			defaultConfigurationIsVisible = 0;
			defaultConfigurationName = Release;
		};
		1CCE6DB21B385C0300D0F5D2 /* Build configuration list for PBXNativeTarget "Delivery" */ = {
			isa = XCConfigurationList;
			buildConfigurations = (
				1CCE6DB31B385C0300D0F5D2 /* Debug */,
				1CCE6DB41B385C0300D0F5D2 /* Release */,
			);
			defaultConfigurationIsVisible = 0;
		};
		1CCE6DB51B385C0300D0F5D2 /* Build configuration list for PBXNativeTarget "DeliveryTests" */ = {
			isa = XCConfigurationList;
			buildConfigurations = (
				1CCE6DB61B385C0300D0F5D2 /* Debug */,
				1CCE6DB71B385C0300D0F5D2 /* Release */,
			);
			defaultConfigurationIsVisible = 0;
		};
/* End XCConfigurationList section */
	};
	rootObject = 1CCE6D8B1B385C0300D0F5D2 /* Project object */;
}
